
Microsoft Visual Studio Solution File, Format Version 12.00
# Visual Studio 14
VisualStudioVersion = 14.0.23107.0
MinimumVisualStudioVersion = 10.0.40219.1
Project("{2150E333-8FDC-42A3-9474-1A3956D46DE8}") = "src", "src", "{E7E16F06-0741-4BA4-9915-82C006D6DB09}"
EndProject
Project("{2150E333-8FDC-42A3-9474-1A3956D46DE8}") = "Backend", "Backend", "{CBCB7BBA-A146-495B-9C30-02DC0A906CE2}"
EndProject
Project("{2150E333-8FDC-42A3-9474-1A3956D46DE8}") = "Domain", "Domain", "{5306DCA1-6D1A-43DA-8E60-EE816A002CF9}"
EndProject
Project("{2150E333-8FDC-42A3-9474-1A3956D46DE8}") = "Application", "Application", "{EB79B31D-E79D-40DC-BA17-0E3B423A73F9}"
EndProject
Project("{2150E333-8FDC-42A3-9474-1A3956D46DE8}") = "Infrasctructure", "Infrasctructure", "{C38071D4-4CC8-4AA3-92D2-BE5F063ED5A0}"
EndProject
Project("{2150E333-8FDC-42A3-9474-1A3956D46DE8}") = "Presentation", "Presentation", "{13E6B62C-85BE-425E-BF28-BA13F164C11B}"
EndProject
Project("{2150E333-8FDC-42A3-9474-1A3956D46DE8}") = "Services", "Services", "{0D3FD614-CB71-42B9-9F77-17DD0E53585D}"
EndProject
Project("{2150E333-8FDC-42A3-9474-1A3956D46DE8}") = "Data", "Data", "{4EF4CB1D-CAFB-4F45-B53C-99D09E935377}"
EndProject
Project("{2150E333-8FDC-42A3-9474-1A3956D46DE8}") = "CrossCutting", "CrossCutting", "{44F35AB9-43FE-4D46-9BCD-128B438C07AC}"
EndProject
Project("{2150E333-8FDC-42A3-9474-1A3956D46DE8}") = "Solution Items", "Solution Items", "{9122175E-B3A5-45E7-AA15-BB2FD4B405F1}"
	ProjectSection(SolutionItems) = preProject
		global.json = global.json
	EndProjectSection
EndProject
Project("{FAE04EC0-301F-11D3-BF4B-00C04F79EFBC}") = "EditoraNovaGeracao.Domain", "EditoraNovaGeracao.Domain\EditoraNovaGeracao.Domain.csproj", "{9F3BA627-D6AB-4C31-BD2D-873E48EFEC2B}"
EndProject
Project("{FAE04EC0-301F-11D3-BF4B-00C04F79EFBC}") = "EditoraNovaGeracao.MVC", "EditoraNovaGeracao.MVC\EditoraNovaGeracao.MVC.csproj", "{3153F168-B9D5-4988-982C-035A4A740003}"
EndProject
Project("{FAE04EC0-301F-11D3-BF4B-00C04F79EFBC}") = "EditoraNovaGeracao.Infra.Data", "EditoraNovaGeracao.Infra.Data\EditoraNovaGeracao.Infra.Data.csproj", "{8DB64694-F40D-46CB-B3A1-54C4B7C17D70}"
EndProject
Project("{FAE04EC0-301F-11D3-BF4B-00C04F79EFBC}") = "EditoraNovaGeracao.Application", "EditoraNovaGeracao.Application\EditoraNovaGeracao.Application.csproj", "{F8CD0F26-F5CA-4A6F-BCD5-1AA5E2958F0E}"
EndProject
Project("{2150E333-8FDC-42A3-9474-1A3956D46DE8}") = "Shared", "Shared", "{887E7956-D4BD-4583-84AC-2FB66E879DAA}"
EndProject
Project("{FAE04EC0-301F-11D3-BF4B-00C04F79EFBC}") = "EditoraNovaGeracao.Shared.Communication", "EditoraNovaGeracao.Shared.Comunication\EditoraNovaGeracao.Shared.Communication.csproj", "{B8787DF4-2E35-455D-BA83-25D844805E20}"
EndProject
Global
	GlobalSection(SolutionConfigurationPlatforms) = preSolution
		Debug|Any CPU = Debug|Any CPU
		Release|Any CPU = Release|Any CPU
	EndGlobalSection
	GlobalSection(ProjectConfigurationPlatforms) = postSolution
		{9F3BA627-D6AB-4C31-BD2D-873E48EFEC2B}.Debug|Any CPU.ActiveCfg = Debug|Any CPU
		{9F3BA627-D6AB-4C31-BD2D-873E48EFEC2B}.Debug|Any CPU.Build.0 = Debug|Any CPU
		{9F3BA627-D6AB-4C31-BD2D-873E48EFEC2B}.Release|Any CPU.ActiveCfg = Release|Any CPU
		{9F3BA627-D6AB-4C31-BD2D-873E48EFEC2B}.Release|Any CPU.Build.0 = Release|Any CPU
		{3153F168-B9D5-4988-982C-035A4A740003}.Debug|Any CPU.ActiveCfg = Debug|Any CPU
		{3153F168-B9D5-4988-982C-035A4A740003}.Debug|Any CPU.Build.0 = Debug|Any CPU
		{3153F168-B9D5-4988-982C-035A4A740003}.Release|Any CPU.ActiveCfg = Release|Any CPU
		{3153F168-B9D5-4988-982C-035A4A740003}.Release|Any CPU.Build.0 = Release|Any CPU
		{8DB64694-F40D-46CB-B3A1-54C4B7C17D70}.Debug|Any CPU.ActiveCfg = Debug|Any CPU
		{8DB64694-F40D-46CB-B3A1-54C4B7C17D70}.Debug|Any CPU.Build.0 = Debug|Any CPU
		{8DB64694-F40D-46CB-B3A1-54C4B7C17D70}.Release|Any CPU.ActiveCfg = Release|Any CPU
		{8DB64694-F40D-46CB-B3A1-54C4B7C17D70}.Release|Any CPU.Build.0 = Release|Any CPU
		{F8CD0F26-F5CA-4A6F-BCD5-1AA5E2958F0E}.Debug|Any CPU.ActiveCfg = Debug|Any CPU
		{F8CD0F26-F5CA-4A6F-BCD5-1AA5E2958F0E}.Debug|Any CPU.Build.0 = Debug|Any CPU
		{F8CD0F26-F5CA-4A6F-BCD5-1AA5E2958F0E}.Release|Any CPU.ActiveCfg = Release|Any CPU
		{F8CD0F26-F5CA-4A6F-BCD5-1AA5E2958F0E}.Release|Any CPU.Build.0 = Release|Any CPU
		{B8787DF4-2E35-455D-BA83-25D844805E20}.Debug|Any CPU.ActiveCfg = Debug|Any CPU
		{B8787DF4-2E35-455D-BA83-25D844805E20}.Debug|Any CPU.Build.0 = Debug|Any CPU
		{B8787DF4-2E35-455D-BA83-25D844805E20}.Release|Any CPU.ActiveCfg = Release|Any CPU
		{B8787DF4-2E35-455D-BA83-25D844805E20}.Release|Any CPU.Build.0 = Release|Any CPU
	EndGlobalSection
	GlobalSection(SolutionProperties) = preSolution
		HideSolutionNode = FALSE
	EndGlobalSection
	GlobalSection(NestedProjects) = preSolution
		{CBCB7BBA-A146-495B-9C30-02DC0A906CE2} = {E7E16F06-0741-4BA4-9915-82C006D6DB09}
		{5306DCA1-6D1A-43DA-8E60-EE816A002CF9} = {CBCB7BBA-A146-495B-9C30-02DC0A906CE2}
		{EB79B31D-E79D-40DC-BA17-0E3B423A73F9} = {CBCB7BBA-A146-495B-9C30-02DC0A906CE2}
		{C38071D4-4CC8-4AA3-92D2-BE5F063ED5A0} = {CBCB7BBA-A146-495B-9C30-02DC0A906CE2}
		{13E6B62C-85BE-425E-BF28-BA13F164C11B} = {CBCB7BBA-A146-495B-9C30-02DC0A906CE2}
		{0D3FD614-CB71-42B9-9F77-17DD0E53585D} = {CBCB7BBA-A146-495B-9C30-02DC0A906CE2}
		{4EF4CB1D-CAFB-4F45-B53C-99D09E935377} = {C38071D4-4CC8-4AA3-92D2-BE5F063ED5A0}
		{44F35AB9-43FE-4D46-9BCD-128B438C07AC} = {C38071D4-4CC8-4AA3-92D2-BE5F063ED5A0}
		{9F3BA627-D6AB-4C31-BD2D-873E48EFEC2B} = {5306DCA1-6D1A-43DA-8E60-EE816A002CF9}
		{3153F168-B9D5-4988-982C-035A4A740003} = {13E6B62C-85BE-425E-BF28-BA13F164C11B}
		{8DB64694-F40D-46CB-B3A1-54C4B7C17D70} = {4EF4CB1D-CAFB-4F45-B53C-99D09E935377}
		{F8CD0F26-F5CA-4A6F-BCD5-1AA5E2958F0E} = {EB79B31D-E79D-40DC-BA17-0E3B423A73F9}
		{887E7956-D4BD-4583-84AC-2FB66E879DAA} = {E7E16F06-0741-4BA4-9915-82C006D6DB09}
		{B8787DF4-2E35-455D-BA83-25D844805E20} = {887E7956-D4BD-4583-84AC-2FB66E879DAA}
	EndGlobalSection
EndGlobal
